// !$*UTF8*$!
{
	archiveVersion = 1;
	classes = {
	};
	objectVersion = 51;
	objects = {

/* Begin PBXBuildFile section */
		1C16FACA27206DF5007E65A1 /* WebViewModel.swift in Sources */ = {isa = PBXBuildFile; fileRef = 1C16FAC927206DF5007E65A1 /* WebViewModel.swift */; };
		1C16FACD27208A23007E65A1 /* Extensions+String.swift in Sources */ = {isa = PBXBuildFile; fileRef = 1C16FACC27208A23007E65A1 /* Extensions+String.swift */; };
		1C1BA685271C3AB20046DE4D /* ScannerView.swift in Sources */ = {isa = PBXBuildFile; fileRef = 1C1BA684271C3AB20046DE4D /* ScannerView.swift */; };
		1C308EAF2713A45B0092DD94 /* ScanContentView.swift in Sources */ = {isa = PBXBuildFile; fileRef = 1C308EAE2713A45B0092DD94 /* ScanContentView.swift */; };
		1C308EB12713AA3C0092DD94 /* WindowSettingsView.swift in Sources */ = {isa = PBXBuildFile; fileRef = 1C308EB02713AA3C0092DD94 /* WindowSettingsView.swift */; };
		1C4186B627229A21002D5684 /* WebBottomBar.swift in Sources */ = {isa = PBXBuildFile; fileRef = 1C4186B527229A21002D5684 /* WebBottomBar.swift */; };
		1C4186B82722B160002D5684 /* WebActions.swift in Sources */ = {isa = PBXBuildFile; fileRef = 1C4186B72722B160002D5684 /* WebActions.swift */; };
		1C4186BA2722B192002D5684 /* ScanResult.swift in Sources */ = {isa = PBXBuildFile; fileRef = 1C4186B92722B192002D5684 /* ScanResult.swift */; };
		1C5591F92723007B00B1EBE7 /* OutputView.swift in Sources */ = {isa = PBXBuildFile; fileRef = 1C5591F82723007B00B1EBE7 /* OutputView.swift */; };
		1C5A1781272599FE008C92DA /* Loading.swift in Sources */ = {isa = PBXBuildFile; fileRef = 1C5A1780272599FE008C92DA /* Loading.swift */; };
		1C6C7EC22750D0CE005DE238 /* InterstitialAdsView.swift in Sources */ = {isa = PBXBuildFile; fileRef = 1C6C7EC12750D0CE005DE238 /* InterstitialAdsView.swift */; };
		1C8388A72714449E008FC54C /* StoreData.swift in Sources */ = {isa = PBXBuildFile; fileRef = 1C8388A62714449E008FC54C /* StoreData.swift */; };
		1C8388AB271477AC008FC54C /* Extensions+View.swift in Sources */ = {isa = PBXBuildFile; fileRef = 1C8388AA271477AC008FC54C /* Extensions+View.swift */; };
		1C8388AD27147E52008FC54C /* Camera.swift in Sources */ = {isa = PBXBuildFile; fileRef = 1C8388AC27147E52008FC54C /* Camera.swift */; };
		1C8388B2271482C5008FC54C /* HistoryView.swift in Sources */ = {isa = PBXBuildFile; fileRef = 1C8388B1271482C5008FC54C /* HistoryView.swift */; };
		1C8388B527148350008FC54C /* HistoryDataView.swift in Sources */ = {isa = PBXBuildFile; fileRef = 1C8388B427148350008FC54C /* HistoryDataView.swift */; };
		1C83C3A02751103B00FE8A9C /* Ads.swift in Sources */ = {isa = PBXBuildFile; fileRef = 1C83C39F2751103B00FE8A9C /* Ads.swift */; };
		1CBA4DD6271D82FB0021EA96 /* HistoryViewModel.swift in Sources */ = {isa = PBXBuildFile; fileRef = 1CBA4DD5271D82FB0021EA96 /* HistoryViewModel.swift */; };
		1CBA4DD9271DB7E90021EA96 /* SectionHeader.swift in Sources */ = {isa = PBXBuildFile; fileRef = 1CBA4DD8271DB7E90021EA96 /* SectionHeader.swift */; };
		1CBA4DDB271E17200021EA96 /* TopHeader.swift in Sources */ = {isa = PBXBuildFile; fileRef = 1CBA4DDA271E17200021EA96 /* TopHeader.swift */; };
		1CBA5F5F27121627004295B3 /* Quick_QR_ReaderApp.swift in Sources */ = {isa = PBXBuildFile; fileRef = 1CBA5F5E27121627004295B3 /* Quick_QR_ReaderApp.swift */; };
		1CBA5F6127121627004295B3 /* MainView.swift in Sources */ = {isa = PBXBuildFile; fileRef = 1CBA5F6027121627004295B3 /* MainView.swift */; };
		1CBA5F6327121629004295B3 /* Assets.xcassets in Resources */ = {isa = PBXBuildFile; fileRef = 1CBA5F6227121629004295B3 /* Assets.xcassets */; };
		1CBA5F6627121629004295B3 /* Preview Assets.xcassets in Resources */ = {isa = PBXBuildFile; fileRef = 1CBA5F6527121629004295B3 /* Preview Assets.xcassets */; };
		1CBA5F7127121629004295B3 /* Quick_QR_ReaderTests.swift in Sources */ = {isa = PBXBuildFile; fileRef = 1CBA5F7027121629004295B3 /* Quick_QR_ReaderTests.swift */; };
		1CBA5F7C27121629004295B3 /* Quick_QR_ReaderUITests.swift in Sources */ = {isa = PBXBuildFile; fileRef = 1CBA5F7B27121629004295B3 /* Quick_QR_ReaderUITests.swift */; };
		1CBA5F8D27121701004295B3 /* Documents.swift in Sources */ = {isa = PBXBuildFile; fileRef = 1CBA5F8C27121701004295B3 /* Documents.swift */; };
		1CBA5F8F2712171E004295B3 /* QRModel.swift in Sources */ = {isa = PBXBuildFile; fileRef = 1CBA5F8E2712171E004295B3 /* QRModel.swift */; };
		1CBAD968274A56A8000DA183 /* GeneratorView.swift in Sources */ = {isa = PBXBuildFile; fileRef = 1CBAD967274A56A8000DA183 /* GeneratorView.swift */; };
		1CBAD96C274A93F1000DA183 /* KeyboardManager.swift in Sources */ = {isa = PBXBuildFile; fileRef = 1CBAD96B274A93F1000DA183 /* KeyboardManager.swift */; };
		1CBAD970274AABAA000DA183 /* GeneratorViewModel.swift in Sources */ = {isa = PBXBuildFile; fileRef = 1CBAD96F274AABAA000DA183 /* GeneratorViewModel.swift */; };
		1CC0371B271F1CAA00400C86 /* WebBar.swift in Sources */ = {isa = PBXBuildFile; fileRef = 1CC0371A271F1CAA00400C86 /* WebBar.swift */; };
		1CE6C384271F02F4002C227D /* WebView.swift in Sources */ = {isa = PBXBuildFile; fileRef = 1CE6C383271F02F4002C227D /* WebView.swift */; };
		1CE6C388271F072A002C227D /* Web.swift in Sources */ = {isa = PBXBuildFile; fileRef = 1CE6C387271F072A002C227D /* Web.swift */; };
		1CFF38992712EB0F002C3E75 /* WindowView.swift in Sources */ = {isa = PBXBuildFile; fileRef = 1CFF38982712EB0F002C3E75 /* WindowView.swift */; };
		1CFF389E2713004C002C3E75 /* WindowSettings.swift in Sources */ = {isa = PBXBuildFile; fileRef = 1CFF389D2713004C002C3E75 /* WindowSettings.swift */; };
		1CFF38A02713010F002C3E75 /* MainViewModel.swift in Sources */ = {isa = PBXBuildFile; fileRef = 1CFF389F2713010F002C3E75 /* MainViewModel.swift */; };
		1CFF38A427130460002C3E75 /* UpperButtonsView.swift in Sources */ = {isa = PBXBuildFile; fileRef = 1CFF38A327130460002C3E75 /* UpperButtonsView.swift */; };
		1CFF38A827130B74002C3E75 /* LowerButtonsView.swift in Sources */ = {isa = PBXBuildFile; fileRef = 1CFF38A727130B74002C3E75 /* LowerButtonsView.swift */; };
		9F78B61784B2D2EE86DE1624 /* Pods_Quick_QR_ReaderTests.framework in Frameworks */ = {isa = PBXBuildFile; fileRef = 0B12D0E061AF3EE5CD4A021D /* Pods_Quick_QR_ReaderTests.framework */; };
		B9B18E35F4DB0FFD579AB108 /* Pods_Quick_QR_Reader.framework in Frameworks */ = {isa = PBXBuildFile; fileRef = 6DA8C1CB15574E0C8D27A32C /* Pods_Quick_QR_Reader.framework */; };
		FB0EDA4E192A8E1B6E357CF4 /* Pods_Quick_QR_Reader_Quick_QR_ReaderUITests.framework in Frameworks */ = {isa = PBXBuildFile; fileRef = 8CB663E61C1B9027B68E3DE7 /* Pods_Quick_QR_Reader_Quick_QR_ReaderUITests.framework */; };
/* End PBXBuildFile section */

/* Begin PBXContainerItemProxy section */
		1CBA5F6D27121629004295B3 /* PBXContainerItemProxy */ = {
			isa = PBXContainerItemProxy;
			containerPortal = 1CBA5F5327121627004295B3 /* Project object */;
			proxyType = 1;
			remoteGlobalIDString = 1CBA5F5A27121627004295B3;
			remoteInfo = "Quick QR Reader";
		};
		1CBA5F7827121629004295B3 /* PBXContainerItemProxy */ = {
			isa = PBXContainerItemProxy;
			containerPortal = 1CBA5F5327121627004295B3 /* Project object */;
			proxyType = 1;
			remoteGlobalIDString = 1CBA5F5A27121627004295B3;
			remoteInfo = "Quick QR Reader";
		};
/* End PBXContainerItemProxy section */

/* Begin PBXFileReference section */
		0B12D0E061AF3EE5CD4A021D /* Pods_Quick_QR_ReaderTests.framework */ = {isa = PBXFileReference; explicitFileType = wrapper.framework; includeInIndex = 0; path = Pods_Quick_QR_ReaderTests.framework; sourceTree = BUILT_PRODUCTS_DIR; };
		0C036020571837536D45FCEE /* Pods-Quick QR Reader-Quick QR ReaderUITests.release.xcconfig */ = {isa = PBXFileReference; includeInIndex = 1; lastKnownFileType = text.xcconfig; name = "Pods-Quick QR Reader-Quick QR ReaderUITests.release.xcconfig"; path = "Target Support Files/Pods-Quick QR Reader-Quick QR ReaderUITests/Pods-Quick QR Reader-Quick QR ReaderUITests.release.xcconfig"; sourceTree = "<group>"; };
		1C16FAC927206DF5007E65A1 /* WebViewModel.swift */ = {isa = PBXFileReference; lastKnownFileType = sourcecode.swift; path = WebViewModel.swift; sourceTree = "<group>"; };
		1C16FACC27208A23007E65A1 /* Extensions+String.swift */ = {isa = PBXFileReference; lastKnownFileType = sourcecode.swift; path = "Extensions+String.swift"; sourceTree = "<group>"; };
		1C1BA684271C3AB20046DE4D /* ScannerView.swift */ = {isa = PBXFileReference; lastKnownFileType = sourcecode.swift; path = ScannerView.swift; sourceTree = "<group>"; };
		1C308EAE2713A45B0092DD94 /* ScanContentView.swift */ = {isa = PBXFileReference; lastKnownFileType = sourcecode.swift; path = ScanContentView.swift; sourceTree = "<group>"; };
		1C308EB02713AA3C0092DD94 /* WindowSettingsView.swift */ = {isa = PBXFileReference; lastKnownFileType = sourcecode.swift; path = WindowSettingsView.swift; sourceTree = "<group>"; };
		1C4186B527229A21002D5684 /* WebBottomBar.swift */ = {isa = PBXFileReference; lastKnownFileType = sourcecode.swift; path = WebBottomBar.swift; sourceTree = "<group>"; };
		1C4186B72722B160002D5684 /* WebActions.swift */ = {isa = PBXFileReference; lastKnownFileType = sourcecode.swift; path = WebActions.swift; sourceTree = "<group>"; };
		1C4186B92722B192002D5684 /* ScanResult.swift */ = {isa = PBXFileReference; lastKnownFileType = sourcecode.swift; path = ScanResult.swift; sourceTree = "<group>"; };
		1C5591F82723007B00B1EBE7 /* OutputView.swift */ = {isa = PBXFileReference; lastKnownFileType = sourcecode.swift; path = OutputView.swift; sourceTree = "<group>"; };
		1C5A1780272599FE008C92DA /* Loading.swift */ = {isa = PBXFileReference; lastKnownFileType = sourcecode.swift; path = Loading.swift; sourceTree = "<group>"; };
		1C6C7EC12750D0CE005DE238 /* InterstitialAdsView.swift */ = {isa = PBXFileReference; lastKnownFileType = sourcecode.swift; path = InterstitialAdsView.swift; sourceTree = "<group>"; };
		1C8388A62714449E008FC54C /* StoreData.swift */ = {isa = PBXFileReference; lastKnownFileType = sourcecode.swift; path = StoreData.swift; sourceTree = "<group>"; };
		1C8388AA271477AC008FC54C /* Extensions+View.swift */ = {isa = PBXFileReference; lastKnownFileType = sourcecode.swift; path = "Extensions+View.swift"; sourceTree = "<group>"; };
		1C8388AC27147E52008FC54C /* Camera.swift */ = {isa = PBXFileReference; lastKnownFileType = sourcecode.swift; path = Camera.swift; sourceTree = "<group>"; };
		1C8388B1271482C5008FC54C /* HistoryView.swift */ = {isa = PBXFileReference; lastKnownFileType = sourcecode.swift; path = HistoryView.swift; sourceTree = "<group>"; };
		1C8388B427148350008FC54C /* HistoryDataView.swift */ = {isa = PBXFileReference; lastKnownFileType = sourcecode.swift; path = HistoryDataView.swift; sourceTree = "<group>"; };
		1C83C39F2751103B00FE8A9C /* Ads.swift */ = {isa = PBXFileReference; lastKnownFileType = sourcecode.swift; path = Ads.swift; sourceTree = "<group>"; };
		1CBA4DD5271D82FB0021EA96 /* HistoryViewModel.swift */ = {isa = PBXFileReference; lastKnownFileType = sourcecode.swift; path = HistoryViewModel.swift; sourceTree = "<group>"; };
		1CBA4DD8271DB7E90021EA96 /* SectionHeader.swift */ = {isa = PBXFileReference; lastKnownFileType = sourcecode.swift; path = SectionHeader.swift; sourceTree = "<group>"; };
		1CBA4DDA271E17200021EA96 /* TopHeader.swift */ = {isa = PBXFileReference; lastKnownFileType = sourcecode.swift; path = TopHeader.swift; sourceTree = "<group>"; };
		1CBA5F5B27121627004295B3 /* Quick QR Reader.app */ = {isa = PBXFileReference; explicitFileType = wrapper.application; includeInIndex = 0; path = "Quick QR Reader.app"; sourceTree = BUILT_PRODUCTS_DIR; };
		1CBA5F5E27121627004295B3 /* Quick_QR_ReaderApp.swift */ = {isa = PBXFileReference; lastKnownFileType = sourcecode.swift; path = Quick_QR_ReaderApp.swift; sourceTree = "<group>"; };
		1CBA5F6027121627004295B3 /* MainView.swift */ = {isa = PBXFileReference; lastKnownFileType = sourcecode.swift; path = MainView.swift; sourceTree = "<group>"; };
		1CBA5F6227121629004295B3 /* Assets.xcassets */ = {isa = PBXFileReference; lastKnownFileType = folder.assetcatalog; path = Assets.xcassets; sourceTree = "<group>"; };
		1CBA5F6527121629004295B3 /* Preview Assets.xcassets */ = {isa = PBXFileReference; lastKnownFileType = folder.assetcatalog; path = "Preview Assets.xcassets"; sourceTree = "<group>"; };
		1CBA5F6727121629004295B3 /* Info.plist */ = {isa = PBXFileReference; lastKnownFileType = text.plist.xml; path = Info.plist; sourceTree = "<group>"; };
		1CBA5F6C27121629004295B3 /* Quick QR ReaderTests.xctest */ = {isa = PBXFileReference; explicitFileType = wrapper.cfbundle; includeInIndex = 0; path = "Quick QR ReaderTests.xctest"; sourceTree = BUILT_PRODUCTS_DIR; };
		1CBA5F7027121629004295B3 /* Quick_QR_ReaderTests.swift */ = {isa = PBXFileReference; lastKnownFileType = sourcecode.swift; path = Quick_QR_ReaderTests.swift; sourceTree = "<group>"; };
		1CBA5F7227121629004295B3 /* Info.plist */ = {isa = PBXFileReference; lastKnownFileType = text.plist.xml; path = Info.plist; sourceTree = "<group>"; };
		1CBA5F7727121629004295B3 /* Quick QR ReaderUITests.xctest */ = {isa = PBXFileReference; explicitFileType = wrapper.cfbundle; includeInIndex = 0; path = "Quick QR ReaderUITests.xctest"; sourceTree = BUILT_PRODUCTS_DIR; };
		1CBA5F7B27121629004295B3 /* Quick_QR_ReaderUITests.swift */ = {isa = PBXFileReference; lastKnownFileType = sourcecode.swift; path = Quick_QR_ReaderUITests.swift; sourceTree = "<group>"; };
		1CBA5F7D27121629004295B3 /* Info.plist */ = {isa = PBXFileReference; lastKnownFileType = text.plist.xml; path = Info.plist; sourceTree = "<group>"; };
		1CBA5F8C27121701004295B3 /* Documents.swift */ = {isa = PBXFileReference; lastKnownFileType = sourcecode.swift; path = Documents.swift; sourceTree = "<group>"; };
		1CBA5F8E2712171E004295B3 /* QRModel.swift */ = {isa = PBXFileReference; lastKnownFileType = sourcecode.swift; path = QRModel.swift; sourceTree = "<group>"; };
		1CBAD967274A56A8000DA183 /* GeneratorView.swift */ = {isa = PBXFileReference; lastKnownFileType = sourcecode.swift; path = GeneratorView.swift; sourceTree = "<group>"; };
		1CBAD96B274A93F1000DA183 /* KeyboardManager.swift */ = {isa = PBXFileReference; lastKnownFileType = sourcecode.swift; path = KeyboardManager.swift; sourceTree = "<group>"; };
		1CBAD96F274AABAA000DA183 /* GeneratorViewModel.swift */ = {isa = PBXFileReference; lastKnownFileType = sourcecode.swift; path = GeneratorViewModel.swift; sourceTree = "<group>"; };
		1CC0371A271F1CAA00400C86 /* WebBar.swift */ = {isa = PBXFileReference; lastKnownFileType = sourcecode.swift; path = WebBar.swift; sourceTree = "<group>"; };
		1CE6C383271F02F4002C227D /* WebView.swift */ = {isa = PBXFileReference; lastKnownFileType = sourcecode.swift; path = WebView.swift; sourceTree = "<group>"; };
		1CE6C387271F072A002C227D /* Web.swift */ = {isa = PBXFileReference; lastKnownFileType = sourcecode.swift; path = Web.swift; sourceTree = "<group>"; };
		1CFF38982712EB0F002C3E75 /* WindowView.swift */ = {isa = PBXFileReference; lastKnownFileType = sourcecode.swift; path = WindowView.swift; sourceTree = "<group>"; };
		1CFF389D2713004C002C3E75 /* WindowSettings.swift */ = {isa = PBXFileReference; lastKnownFileType = sourcecode.swift; path = WindowSettings.swift; sourceTree = "<group>"; };
		1CFF389F2713010F002C3E75 /* MainViewModel.swift */ = {isa = PBXFileReference; lastKnownFileType = sourcecode.swift; path = MainViewModel.swift; sourceTree = "<group>"; };
		1CFF38A327130460002C3E75 /* UpperButtonsView.swift */ = {isa = PBXFileReference; lastKnownFileType = sourcecode.swift; path = UpperButtonsView.swift; sourceTree = "<group>"; };
		1CFF38A727130B74002C3E75 /* LowerButtonsView.swift */ = {isa = PBXFileReference; lastKnownFileType = sourcecode.swift; path = LowerButtonsView.swift; sourceTree = "<group>"; };
		5E9D3BE1A0425305AFEC6A2E /* Pods-Quick QR Reader.release.xcconfig */ = {isa = PBXFileReference; includeInIndex = 1; lastKnownFileType = text.xcconfig; name = "Pods-Quick QR Reader.release.xcconfig"; path = "Target Support Files/Pods-Quick QR Reader/Pods-Quick QR Reader.release.xcconfig"; sourceTree = "<group>"; };
		6DA8C1CB15574E0C8D27A32C /* Pods_Quick_QR_Reader.framework */ = {isa = PBXFileReference; explicitFileType = wrapper.framework; includeInIndex = 0; path = Pods_Quick_QR_Reader.framework; sourceTree = BUILT_PRODUCTS_DIR; };
		7A3046F825371101A1403FDE /* Pods-Quick QR ReaderTests.debug.xcconfig */ = {isa = PBXFileReference; includeInIndex = 1; lastKnownFileType = text.xcconfig; name = "Pods-Quick QR ReaderTests.debug.xcconfig"; path = "Target Support Files/Pods-Quick QR ReaderTests/Pods-Quick QR ReaderTests.debug.xcconfig"; sourceTree = "<group>"; };
		8CB663E61C1B9027B68E3DE7 /* Pods_Quick_QR_Reader_Quick_QR_ReaderUITests.framework */ = {isa = PBXFileReference; explicitFileType = wrapper.framework; includeInIndex = 0; path = Pods_Quick_QR_Reader_Quick_QR_ReaderUITests.framework; sourceTree = BUILT_PRODUCTS_DIR; };
		B0537695E2D2B73ABCD859C0 /* Pods-Quick QR Reader-Quick QR ReaderUITests.debug.xcconfig */ = {isa = PBXFileReference; includeInIndex = 1; lastKnownFileType = text.xcconfig; name = "Pods-Quick QR Reader-Quick QR ReaderUITests.debug.xcconfig"; path = "Target Support Files/Pods-Quick QR Reader-Quick QR ReaderUITests/Pods-Quick QR Reader-Quick QR ReaderUITests.debug.xcconfig"; sourceTree = "<group>"; };
		B7E74B92BBFB6A7A7E6F9D86 /* Pods-Quick QR Reader.debug.xcconfig */ = {isa = PBXFileReference; includeInIndex = 1; lastKnownFileType = text.xcconfig; name = "Pods-Quick QR Reader.debug.xcconfig"; path = "Target Support Files/Pods-Quick QR Reader/Pods-Quick QR Reader.debug.xcconfig"; sourceTree = "<group>"; };
		FEEC9E11FFEB80A753DF7901 /* Pods-Quick QR ReaderTests.release.xcconfig */ = {isa = PBXFileReference; includeInIndex = 1; lastKnownFileType = text.xcconfig; name = "Pods-Quick QR ReaderTests.release.xcconfig"; path = "Target Support Files/Pods-Quick QR ReaderTests/Pods-Quick QR ReaderTests.release.xcconfig"; sourceTree = "<group>"; };
/* End PBXFileReference section */

/* Begin PBXFrameworksBuildPhase section */
		1CBA5F5827121627004295B3 /* Frameworks */ = {
			isa = PBXFrameworksBuildPhase;
			buildActionMask = 2147483647;
			files = (
				B9B18E35F4DB0FFD579AB108 /* Pods_Quick_QR_Reader.framework in Frameworks */,
			);
			runOnlyForDeploymentPostprocessing = 0;
		};
		1CBA5F6927121629004295B3 /* Frameworks */ = {
			isa = PBXFrameworksBuildPhase;
			buildActionMask = 2147483647;
			files = (
				9F78B61784B2D2EE86DE1624 /* Pods_Quick_QR_ReaderTests.framework in Frameworks */,
			);
			runOnlyForDeploymentPostprocessing = 0;
		};
		1CBA5F7427121629004295B3 /* Frameworks */ = {
			isa = PBXFrameworksBuildPhase;
			buildActionMask = 2147483647;
			files = (
				FB0EDA4E192A8E1B6E357CF4 /* Pods_Quick_QR_Reader_Quick_QR_ReaderUITests.framework in Frameworks */,
			);
			runOnlyForDeploymentPostprocessing = 0;
		};
/* End PBXFrameworksBuildPhase section */

/* Begin PBXGroup section */
		1C5591F72723003E00B1EBE7 /* Output */ = {
			isa = PBXGroup;
			children = (
				1C5591F82723007B00B1EBE7 /* OutputView.swift */,
			);
			path = Output;
			sourceTree = "<group>";
		};
		1C5A177F272599E6008C92DA /* Modifiers */ = {
			isa = PBXGroup;
			children = (
				1C5A1780272599FE008C92DA /* Loading.swift */,
			);
			path = Modifiers;
			sourceTree = "<group>";
		};
		1C8388A8271475FD008FC54C /* Data Storage */ = {
			isa = PBXGroup;
			children = (
				1CBA5F8C27121701004295B3 /* Documents.swift */,
				1C8388A62714449E008FC54C /* StoreData.swift */,
			);
			path = "Data Storage";
			sourceTree = "<group>";
		};
		1C8388A927147792008FC54C /* Helpers */ = {
			isa = PBXGroup;
			children = (
				1C8388AA271477AC008FC54C /* Extensions+View.swift */,
				1C16FACC27208A23007E65A1 /* Extensions+String.swift */,
			);
			path = Helpers;
			sourceTree = "<group>";
		};
		1C8388AE271481C7008FC54C /* Data Class */ = {
			isa = PBXGroup;
			children = (
				1CBA5F8E2712171E004295B3 /* QRModel.swift */,
				1CFF389D2713004C002C3E75 /* WindowSettings.swift */,
				1C4186B72722B160002D5684 /* WebActions.swift */,
				1C4186B92722B192002D5684 /* ScanResult.swift */,
			);
			path = "Data Class";
			sourceTree = "<group>";
		};
		1C8388AF27148205008FC54C /* Hardware */ = {
			isa = PBXGroup;
			children = (
				1C8388AC27147E52008FC54C /* Camera.swift */,
			);
			path = Hardware;
			sourceTree = "<group>";
		};
		1C8388B0271482B1008FC54C /* History */ = {
			isa = PBXGroup;
			children = (
				1C8388B1271482C5008FC54C /* HistoryView.swift */,
				1C8388B32714831F008FC54C /* Custom */,
			);
			path = History;
			sourceTree = "<group>";
		};
		1C8388B32714831F008FC54C /* Custom */ = {
			isa = PBXGroup;
			children = (
				1C8388B427148350008FC54C /* HistoryDataView.swift */,
			);
			path = Custom;
			sourceTree = "<group>";
		};
		1CBA4DD7271DB7A40021EA96 /* Custom */ = {
			isa = PBXGroup;
			children = (
				1C5A177F272599E6008C92DA /* Modifiers */,
				1CE6C385271F06B6002C227D /* SwiftUI+UIKit */,
				1CBA4DD8271DB7E90021EA96 /* SectionHeader.swift */,
				1CBA4DDA271E17200021EA96 /* TopHeader.swift */,
			);
			path = Custom;
			sourceTree = "<group>";
		};
		1CBA5F5227121627004295B3 = {
			isa = PBXGroup;
			children = (
				1CBA5F5D27121627004295B3 /* Quick QR Reader */,
				1CBA5F6F27121629004295B3 /* Quick QR ReaderTests */,
				1CBA5F7A27121629004295B3 /* Quick QR ReaderUITests */,
				1CBA5F5C27121627004295B3 /* Products */,
				7098635A1813F038A28679BA /* Pods */,
				5770C82614D513624A7E50B0 /* Frameworks */,
			);
			sourceTree = "<group>";
		};
		1CBA5F5C27121627004295B3 /* Products */ = {
			isa = PBXGroup;
			children = (
				1CBA5F5B27121627004295B3 /* Quick QR Reader.app */,
				1CBA5F6C27121629004295B3 /* Quick QR ReaderTests.xctest */,
				1CBA5F7727121629004295B3 /* Quick QR ReaderUITests.xctest */,
			);
			name = Products;
			sourceTree = "<group>";
		};
		1CBA5F5D27121627004295B3 /* Quick QR Reader */ = {
			isa = PBXGroup;
			children = (
				1CBA5F5E27121627004295B3 /* Quick_QR_ReaderApp.swift */,
				1C8388A927147792008FC54C /* Helpers */,
				1CBA5F8B27121655004295B3 /* Model */,
				1CBA5F8A2712164D004295B3 /* ViewModel */,
				1CBA5F8927121645004295B3 /* View */,
				1CBA5F6227121629004295B3 /* Assets.xcassets */,
				1CBA5F6727121629004295B3 /* Info.plist */,
				1CBA5F6427121629004295B3 /* Preview Content */,
			);
			path = "Quick QR Reader";
			sourceTree = "<group>";
		};
		1CBA5F6427121629004295B3 /* Preview Content */ = {
			isa = PBXGroup;
			children = (
				1CBA5F6527121629004295B3 /* Preview Assets.xcassets */,
			);
			path = "Preview Content";
			sourceTree = "<group>";
		};
		1CBA5F6F27121629004295B3 /* Quick QR ReaderTests */ = {
			isa = PBXGroup;
			children = (
				1CBA5F7027121629004295B3 /* Quick_QR_ReaderTests.swift */,
				1CBA5F7227121629004295B3 /* Info.plist */,
			);
			path = "Quick QR ReaderTests";
			sourceTree = "<group>";
		};
		1CBA5F7A27121629004295B3 /* Quick QR ReaderUITests */ = {
			isa = PBXGroup;
			children = (
				1CBA5F7B27121629004295B3 /* Quick_QR_ReaderUITests.swift */,
				1CBA5F7D27121629004295B3 /* Info.plist */,
			);
			path = "Quick QR ReaderUITests";
			sourceTree = "<group>";
		};
		1CBA5F8927121645004295B3 /* View */ = {
			isa = PBXGroup;
			children = (
				1CBA5F9027121C62004295B3 /* Main */,
				1CBAD966274A567B000DA183 /* Generator */,
				1C8388B0271482B1008FC54C /* History */,
				1CE6C386271F0719002C227D /* Web */,
				1C5591F72723003E00B1EBE7 /* Output */,
				1CBA4DD7271DB7A40021EA96 /* Custom */,
			);
			path = View;
			sourceTree = "<group>";
		};
		1CBA5F8A2712164D004295B3 /* ViewModel */ = {
			isa = PBXGroup;
			children = (
				1CFF389F2713010F002C3E75 /* MainViewModel.swift */,
				1CBA4DD5271D82FB0021EA96 /* HistoryViewModel.swift */,
				1C16FAC927206DF5007E65A1 /* WebViewModel.swift */,
				1CBAD96F274AABAA000DA183 /* GeneratorViewModel.swift */,
			);
			path = ViewModel;
			sourceTree = "<group>";
		};
		1CBA5F8B27121655004295B3 /* Model */ = {
			isa = PBXGroup;
			children = (
				1C8388AF27148205008FC54C /* Hardware */,
				1C8388AE271481C7008FC54C /* Data Class */,
				1C8388A8271475FD008FC54C /* Data Storage */,
				1CBAD96B274A93F1000DA183 /* KeyboardManager.swift */,
				1C83C39F2751103B00FE8A9C /* Ads.swift */,
			);
			path = Model;
			sourceTree = "<group>";
		};
		1CBA5F9027121C62004295B3 /* Main */ = {
			isa = PBXGroup;
			children = (
				1CBA5F6027121627004295B3 /* MainView.swift */,
				1CBA5F9127121C70004295B3 /* Custom */,
			);
			path = Main;
			sourceTree = "<group>";
		};
		1CBA5F9127121C70004295B3 /* Custom */ = {
			isa = PBXGroup;
			children = (
				1C308EAE2713A45B0092DD94 /* ScanContentView.swift */,
				1CFF38982712EB0F002C3E75 /* WindowView.swift */,
				1CFF38A327130460002C3E75 /* UpperButtonsView.swift */,
				1CFF38A727130B74002C3E75 /* LowerButtonsView.swift */,
				1C308EB02713AA3C0092DD94 /* WindowSettingsView.swift */,
			);
			path = Custom;
			sourceTree = "<group>";
		};
		1CBAD966274A567B000DA183 /* Generator */ = {
			isa = PBXGroup;
			children = (
				1CBAD967274A56A8000DA183 /* GeneratorView.swift */,
			);
			path = Generator;
			sourceTree = "<group>";
		};
		1CE6C385271F06B6002C227D /* SwiftUI+UIKit */ = {
			isa = PBXGroup;
			children = (
				1C1BA684271C3AB20046DE4D /* ScannerView.swift */,
				1CE6C383271F02F4002C227D /* WebView.swift */,
				1C6C7EC12750D0CE005DE238 /* InterstitialAdsView.swift */,
			);
			path = "SwiftUI+UIKit";
			sourceTree = "<group>";
		};
		1CE6C386271F0719002C227D /* Web */ = {
			isa = PBXGroup;
			children = (
				1CE6C387271F072A002C227D /* Web.swift */,
				1CC0371A271F1CAA00400C86 /* WebBar.swift */,
				1C4186B527229A21002D5684 /* WebBottomBar.swift */,
			);
			path = Web;
			sourceTree = "<group>";
		};
		5770C82614D513624A7E50B0 /* Frameworks */ = {
			isa = PBXGroup;
			children = (
				6DA8C1CB15574E0C8D27A32C /* Pods_Quick_QR_Reader.framework */,
				8CB663E61C1B9027B68E3DE7 /* Pods_Quick_QR_Reader_Quick_QR_ReaderUITests.framework */,
				0B12D0E061AF3EE5CD4A021D /* Pods_Quick_QR_ReaderTests.framework */,
			);
			name = Frameworks;
			sourceTree = "<group>";
		};
		7098635A1813F038A28679BA /* Pods */ = {
			isa = PBXGroup;
			children = (
				B7E74B92BBFB6A7A7E6F9D86 /* Pods-Quick QR Reader.debug.xcconfig */,
				5E9D3BE1A0425305AFEC6A2E /* Pods-Quick QR Reader.release.xcconfig */,
				B0537695E2D2B73ABCD859C0 /* Pods-Quick QR Reader-Quick QR ReaderUITests.debug.xcconfig */,
				0C036020571837536D45FCEE /* Pods-Quick QR Reader-Quick QR ReaderUITests.release.xcconfig */,
				7A3046F825371101A1403FDE /* Pods-Quick QR ReaderTests.debug.xcconfig */,
				FEEC9E11FFEB80A753DF7901 /* Pods-Quick QR ReaderTests.release.xcconfig */,
			);
			path = Pods;
			sourceTree = "<group>";
		};
/* End PBXGroup section */

/* Begin PBXNativeTarget section */
		1CBA5F5A27121627004295B3 /* Quick QR Reader */ = {
			isa = PBXNativeTarget;
			buildConfigurationList = 1CBA5F8027121629004295B3 /* Build configuration list for PBXNativeTarget "Quick QR Reader" */;
			buildPhases = (
				9CC56DDED32EC7212530AF41 /* [CP] Check Pods Manifest.lock */,
				1CBA5F5727121627004295B3 /* Sources */,
				1CBA5F5827121627004295B3 /* Frameworks */,
				1CBA5F5927121627004295B3 /* Resources */,
				0E40A749C36232771DF99123 /* [CP] Embed Pods Frameworks */,
			);
			buildRules = (
			);
			dependencies = (
			);
			name = "Quick QR Reader";
			productName = "Quick QR Reader";
			productReference = 1CBA5F5B27121627004295B3 /* Quick QR Reader.app */;
			productType = "com.apple.product-type.application";
		};
		1CBA5F6B27121629004295B3 /* Quick QR ReaderTests */ = {
			isa = PBXNativeTarget;
			buildConfigurationList = 1CBA5F8327121629004295B3 /* Build configuration list for PBXNativeTarget "Quick QR ReaderTests" */;
			buildPhases = (
				7ECD0B28A19A81BC4227D0DB /* [CP] Check Pods Manifest.lock */,
				1CBA5F6827121629004295B3 /* Sources */,
				1CBA5F6927121629004295B3 /* Frameworks */,
				1CBA5F6A27121629004295B3 /* Resources */,
			);
			buildRules = (
			);
			dependencies = (
				1CBA5F6E27121629004295B3 /* PBXTargetDependency */,
			);
			name = "Quick QR ReaderTests";
			productName = "Quick QR ReaderTests";
			productReference = 1CBA5F6C27121629004295B3 /* Quick QR ReaderTests.xctest */;
			productType = "com.apple.product-type.bundle.unit-test";
		};
		1CBA5F7627121629004295B3 /* Quick QR ReaderUITests */ = {
			isa = PBXNativeTarget;
			buildConfigurationList = 1CBA5F8627121629004295B3 /* Build configuration list for PBXNativeTarget "Quick QR ReaderUITests" */;
			buildPhases = (
				4FAA3677AC9419F788C40EC9 /* [CP] Check Pods Manifest.lock */,
				1CBA5F7327121629004295B3 /* Sources */,
				1CBA5F7427121629004295B3 /* Frameworks */,
				1CBA5F7527121629004295B3 /* Resources */,
				368031EBBCB99A4BBF955CD7 /* [CP] Embed Pods Frameworks */,
			);
			buildRules = (
			);
			dependencies = (
				1CBA5F7927121629004295B3 /* PBXTargetDependency */,
			);
			name = "Quick QR ReaderUITests";
			productName = "Quick QR ReaderUITests";
			productReference = 1CBA5F7727121629004295B3 /* Quick QR ReaderUITests.xctest */;
			productType = "com.apple.product-type.bundle.ui-testing";
		};
/* End PBXNativeTarget section */

/* Begin PBXProject section */
		1CBA5F5327121627004295B3 /* Project object */ = {
			isa = PBXProject;
			attributes = {
				LastSwiftUpdateCheck = 1250;
				LastUpgradeCheck = 1250;
				TargetAttributes = {
					1CBA5F5A27121627004295B3 = {
						CreatedOnToolsVersion = 12.5.1;
					};
					1CBA5F6B27121629004295B3 = {
						CreatedOnToolsVersion = 12.5.1;
						TestTargetID = 1CBA5F5A27121627004295B3;
					};
					1CBA5F7627121629004295B3 = {
						CreatedOnToolsVersion = 12.5.1;
						TestTargetID = 1CBA5F5A27121627004295B3;
					};
				};
			};
			buildConfigurationList = 1CBA5F5627121627004295B3 /* Build configuration list for PBXProject "Quick QR Reader" */;
			compatibilityVersion = "Xcode 9.3";
			developmentRegion = en;
			hasScannedForEncodings = 0;
			knownRegions = (
				en,
				Base,
			);
			mainGroup = 1CBA5F5227121627004295B3;
			productRefGroup = 1CBA5F5C27121627004295B3 /* Products */;
			projectDirPath = "";
			projectRoot = "";
			targets = (
				1CBA5F5A27121627004295B3 /* Quick QR Reader */,
				1CBA5F6B27121629004295B3 /* Quick QR ReaderTests */,
				1CBA5F7627121629004295B3 /* Quick QR ReaderUITests */,
			);
		};
/* End PBXProject section */

/* Begin PBXResourcesBuildPhase section */
		1CBA5F5927121627004295B3 /* Resources */ = {
			isa = PBXResourcesBuildPhase;
			buildActionMask = 2147483647;
			files = (
				1CBA5F6627121629004295B3 /* Preview Assets.xcassets in Resources */,
				1CBA5F6327121629004295B3 /* Assets.xcassets in Resources */,
			);
			runOnlyForDeploymentPostprocessing = 0;
		};
		1CBA5F6A27121629004295B3 /* Resources */ = {
			isa = PBXResourcesBuildPhase;
			buildActionMask = 2147483647;
			files = (
			);
			runOnlyForDeploymentPostprocessing = 0;
		};
		1CBA5F7527121629004295B3 /* Resources */ = {
			isa = PBXResourcesBuildPhase;
			buildActionMask = 2147483647;
			files = (
			);
			runOnlyForDeploymentPostprocessing = 0;
		};
/* End PBXResourcesBuildPhase section */

/* Begin PBXShellScriptBuildPhase section */
		0E40A749C36232771DF99123 /* [CP] Embed Pods Frameworks */ = {
			isa = PBXShellScriptBuildPhase;
			buildActionMask = 2147483647;
			files = (
			);
			inputFileListPaths = (
				"${PODS_ROOT}/Target Support Files/Pods-Quick QR Reader/Pods-Quick QR Reader-frameworks-${CONFIGURATION}-input-files.xcfilelist",
			);
			name = "[CP] Embed Pods Frameworks";
			outputFileListPaths = (
				"${PODS_ROOT}/Target Support Files/Pods-Quick QR Reader/Pods-Quick QR Reader-frameworks-${CONFIGURATION}-output-files.xcfilelist",
			);
			runOnlyForDeploymentPostprocessing = 0;
			shellPath = /bin/sh;
			shellScript = "\"${PODS_ROOT}/Target Support Files/Pods-Quick QR Reader/Pods-Quick QR Reader-frameworks.sh\"\n";
			showEnvVarsInLog = 0;
		};
		368031EBBCB99A4BBF955CD7 /* [CP] Embed Pods Frameworks */ = {
			isa = PBXShellScriptBuildPhase;
			buildActionMask = 2147483647;
			files = (
			);
			inputFileListPaths = (
				"${PODS_ROOT}/Target Support Files/Pods-Quick QR Reader-Quick QR ReaderUITests/Pods-Quick QR Reader-Quick QR ReaderUITests-frameworks-${CONFIGURATION}-input-files.xcfilelist",
			);
			name = "[CP] Embed Pods Frameworks";
			outputFileListPaths = (
				"${PODS_ROOT}/Target Support Files/Pods-Quick QR Reader-Quick QR ReaderUITests/Pods-Quick QR Reader-Quick QR ReaderUITests-frameworks-${CONFIGURATION}-output-files.xcfilelist",
			);
			runOnlyForDeploymentPostprocessing = 0;
			shellPath = /bin/sh;
			shellScript = "\"${PODS_ROOT}/Target Support Files/Pods-Quick QR Reader-Quick QR ReaderUITests/Pods-Quick QR Reader-Quick QR ReaderUITests-frameworks.sh\"\n";
			showEnvVarsInLog = 0;
		};
		4FAA3677AC9419F788C40EC9 /* [CP] Check Pods Manifest.lock */ = {
			isa = PBXShellScriptBuildPhase;
			buildActionMask = 2147483647;
			files = (
			);
			inputFileListPaths = (
			);
			inputPaths = (
				"${PODS_PODFILE_DIR_PATH}/Podfile.lock",
				"${PODS_ROOT}/Manifest.lock",
			);
			name = "[CP] Check Pods Manifest.lock";
			outputFileListPaths = (
			);
			outputPaths = (
				"$(DERIVED_FILE_DIR)/Pods-Quick QR Reader-Quick QR ReaderUITests-checkManifestLockResult.txt",
			);
			runOnlyForDeploymentPostprocessing = 0;
			shellPath = /bin/sh;
			shellScript = "diff \"${PODS_PODFILE_DIR_PATH}/Podfile.lock\" \"${PODS_ROOT}/Manifest.lock\" > /dev/null\nif [ $? != 0 ] ; then\n    # print error to STDERR\n    echo \"error: The sandbox is not in sync with the Podfile.lock. Run 'pod install' or update your CocoaPods installation.\" >&2\n    exit 1\nfi\n# This output is used by Xcode 'outputs' to avoid re-running this script phase.\necho \"SUCCESS\" > \"${SCRIPT_OUTPUT_FILE_0}\"\n";
			showEnvVarsInLog = 0;
		};
		7ECD0B28A19A81BC4227D0DB /* [CP] Check Pods Manifest.lock */ = {
			isa = PBXShellScriptBuildPhase;
			buildActionMask = 2147483647;
			files = (
			);
			inputFileListPaths = (
			);
			inputPaths = (
				"${PODS_PODFILE_DIR_PATH}/Podfile.lock",
				"${PODS_ROOT}/Manifest.lock",
			);
			name = "[CP] Check Pods Manifest.lock";
			outputFileListPaths = (
			);
			outputPaths = (
				"$(DERIVED_FILE_DIR)/Pods-Quick QR ReaderTests-checkManifestLockResult.txt",
			);
			runOnlyForDeploymentPostprocessing = 0;
			shellPath = /bin/sh;
			shellScript = "diff \"${PODS_PODFILE_DIR_PATH}/Podfile.lock\" \"${PODS_ROOT}/Manifest.lock\" > /dev/null\nif [ $? != 0 ] ; then\n    # print error to STDERR\n    echo \"error: The sandbox is not in sync with the Podfile.lock. Run 'pod install' or update your CocoaPods installation.\" >&2\n    exit 1\nfi\n# This output is used by Xcode 'outputs' to avoid re-running this script phase.\necho \"SUCCESS\" > \"${SCRIPT_OUTPUT_FILE_0}\"\n";
			showEnvVarsInLog = 0;
		};
		9CC56DDED32EC7212530AF41 /* [CP] Check Pods Manifest.lock */ = {
			isa = PBXShellScriptBuildPhase;
			buildActionMask = 2147483647;
			files = (
			);
			inputFileListPaths = (
			);
			inputPaths = (
				"${PODS_PODFILE_DIR_PATH}/Podfile.lock",
				"${PODS_ROOT}/Manifest.lock",
			);
			name = "[CP] Check Pods Manifest.lock";
			outputFileListPaths = (
			);
			outputPaths = (
				"$(DERIVED_FILE_DIR)/Pods-Quick QR Reader-checkManifestLockResult.txt",
			);
			runOnlyForDeploymentPostprocessing = 0;
			shellPath = /bin/sh;
			shellScript = "diff \"${PODS_PODFILE_DIR_PATH}/Podfile.lock\" \"${PODS_ROOT}/Manifest.lock\" > /dev/null\nif [ $? != 0 ] ; then\n    # print error to STDERR\n    echo \"error: The sandbox is not in sync with the Podfile.lock. Run 'pod install' or update your CocoaPods installation.\" >&2\n    exit 1\nfi\n# This output is used by Xcode 'outputs' to avoid re-running this script phase.\necho \"SUCCESS\" > \"${SCRIPT_OUTPUT_FILE_0}\"\n";
			showEnvVarsInLog = 0;
		};
/* End PBXShellScriptBuildPhase section */

/* Begin PBXSourcesBuildPhase section */
		1CBA5F5727121627004295B3 /* Sources */ = {
			isa = PBXSourcesBuildPhase;
			buildActionMask = 2147483647;
			files = (
				1C8388AB271477AC008FC54C /* Extensions+View.swift in Sources */,
				1C4186B82722B160002D5684 /* WebActions.swift in Sources */,
				1CBA4DD6271D82FB0021EA96 /* HistoryViewModel.swift in Sources */,
				1C6C7EC22750D0CE005DE238 /* InterstitialAdsView.swift in Sources */,
				1C4186BA2722B192002D5684 /* ScanResult.swift in Sources */,
				1CFF38A827130B74002C3E75 /* LowerButtonsView.swift in Sources */,
				1C5591F92723007B00B1EBE7 /* OutputView.swift in Sources */,
				1C308EB12713AA3C0092DD94 /* WindowSettingsView.swift in Sources */,
				1CFF38A02713010F002C3E75 /* MainViewModel.swift in Sources */,
				1CFF389E2713004C002C3E75 /* WindowSettings.swift in Sources */,
				1CE6C384271F02F4002C227D /* WebView.swift in Sources */,
				1CBAD970274AABAA000DA183 /* GeneratorViewModel.swift in Sources */,
				1C16FACA27206DF5007E65A1 /* WebViewModel.swift in Sources */,
				1CBA4DDB271E17200021EA96 /* TopHeader.swift in Sources */,
				1CBA5F8F2712171E004295B3 /* QRModel.swift in Sources */,
				1CBA4DD9271DB7E90021EA96 /* SectionHeader.swift in Sources */,
				1CBAD968274A56A8000DA183 /* GeneratorView.swift in Sources */,
				1CE6C388271F072A002C227D /* Web.swift in Sources */,
				1CFF38992712EB0F002C3E75 /* WindowView.swift in Sources */,
				1C4186B627229A21002D5684 /* WebBottomBar.swift in Sources */,
				1CC0371B271F1CAA00400C86 /* WebBar.swift in Sources */,
				1C8388B527148350008FC54C /* HistoryDataView.swift in Sources */,
				1C8388B2271482C5008FC54C /* HistoryView.swift in Sources */,
				1CBA5F6127121627004295B3 /* MainView.swift in Sources */,
				1CBA5F8D27121701004295B3 /* Documents.swift in Sources */,
				1C5A1781272599FE008C92DA /* Loading.swift in Sources */,
				1C308EAF2713A45B0092DD94 /* ScanContentView.swift in Sources */,
				1C16FACD27208A23007E65A1 /* Extensions+String.swift in Sources */,
				1C83C3A02751103B00FE8A9C /* Ads.swift in Sources */,
				1C1BA685271C3AB20046DE4D /* ScannerView.swift in Sources */,
				1C8388A72714449E008FC54C /* StoreData.swift in Sources */,
				1CBAD96C274A93F1000DA183 /* KeyboardManager.swift in Sources */,
				1CBA5F5F27121627004295B3 /* Quick_QR_ReaderApp.swift in Sources */,
				1C8388AD27147E52008FC54C /* Camera.swift in Sources */,
				1CFF38A427130460002C3E75 /* UpperButtonsView.swift in Sources */,
			);
			runOnlyForDeploymentPostprocessing = 0;
		};
		1CBA5F6827121629004295B3 /* Sources */ = {
			isa = PBXSourcesBuildPhase;
			buildActionMask = 2147483647;
			files = (
				1CBA5F7127121629004295B3 /* Quick_QR_ReaderTests.swift in Sources */,
			);
			runOnlyForDeploymentPostprocessing = 0;
		};
		1CBA5F7327121629004295B3 /* Sources */ = {
			isa = PBXSourcesBuildPhase;
			buildActionMask = 2147483647;
			files = (
				1CBA5F7C27121629004295B3 /* Quick_QR_ReaderUITests.swift in Sources */,
			);
			runOnlyForDeploymentPostprocessing = 0;
		};
/* End PBXSourcesBuildPhase section */

/* Begin PBXTargetDependency section */
		1CBA5F6E27121629004295B3 /* PBXTargetDependency */ = {
			isa = PBXTargetDependency;
			target = 1CBA5F5A27121627004295B3 /* Quick QR Reader */;
			targetProxy = 1CBA5F6D27121629004295B3 /* PBXContainerItemProxy */;
		};
		1CBA5F7927121629004295B3 /* PBXTargetDependency */ = {
			isa = PBXTargetDependency;
			target = 1CBA5F5A27121627004295B3 /* Quick QR Reader */;
			targetProxy = 1CBA5F7827121629004295B3 /* PBXContainerItemProxy */;
		};
/* End PBXTargetDependency section */

/* Begin XCBuildConfiguration section */
		1CBA5F7E27121629004295B3 /* Debug */ = {
			isa = XCBuildConfiguration;
			buildSettings = {
				ALWAYS_SEARCH_USER_PATHS = NO;
				CLANG_ANALYZER_NONNULL = YES;
				CLANG_ANALYZER_NUMBER_OBJECT_CONVERSION = YES_AGGRESSIVE;
				CLANG_CXX_LANGUAGE_STANDARD = "gnu++14";
				CLANG_CXX_LIBRARY = "libc++";
				CLANG_ENABLE_MODULES = YES;
				CLANG_ENABLE_OBJC_ARC = YES;
				CLANG_ENABLE_OBJC_WEAK = YES;
				CLANG_WARN_BLOCK_CAPTURE_AUTORELEASING = YES;
				CLANG_WARN_BOOL_CONVERSION = YES;
				CLANG_WARN_COMMA = YES;
				CLANG_WARN_CONSTANT_CONVERSION = YES;
				CLANG_WARN_DEPRECATED_OBJC_IMPLEMENTATIONS = YES;
				CLANG_WARN_DIRECT_OBJC_ISA_USAGE = YES_ERROR;
				CLANG_WARN_DOCUMENTATION_COMMENTS = YES;
				CLANG_WARN_EMPTY_BODY = YES;
				CLANG_WARN_ENUM_CONVERSION = YES;
				CLANG_WARN_INFINITE_RECURSION = YES;
				CLANG_WARN_INT_CONVERSION = YES;
				CLANG_WARN_NON_LITERAL_NULL_CONVERSION = YES;
				CLANG_WARN_OBJC_IMPLICIT_RETAIN_SELF = YES;
				CLANG_WARN_OBJC_LITERAL_CONVERSION = YES;
				CLANG_WARN_OBJC_ROOT_CLASS = YES_ERROR;
				CLANG_WARN_QUOTED_INCLUDE_IN_FRAMEWORK_HEADER = YES;
				CLANG_WARN_RANGE_LOOP_ANALYSIS = YES;
				CLANG_WARN_STRICT_PROTOTYPES = YES;
				CLANG_WARN_SUSPICIOUS_MOVE = YES;
				CLANG_WARN_UNGUARDED_AVAILABILITY = YES_AGGRESSIVE;
				CLANG_WARN_UNREACHABLE_CODE = YES;
				CLANG_WARN__DUPLICATE_METHOD_MATCH = YES;
				COPY_PHASE_STRIP = NO;
				DEBUG_INFORMATION_FORMAT = dwarf;
				ENABLE_STRICT_OBJC_MSGSEND = YES;
				ENABLE_TESTABILITY = YES;
				GCC_C_LANGUAGE_STANDARD = gnu11;
				GCC_DYNAMIC_NO_PIC = NO;
				GCC_NO_COMMON_BLOCKS = YES;
				GCC_OPTIMIZATION_LEVEL = 0;
				GCC_PREPROCESSOR_DEFINITIONS = (
					"DEBUG=1",
					"$(inherited)",
				);
				GCC_WARN_64_TO_32_BIT_CONVERSION = YES;
				GCC_WARN_ABOUT_RETURN_TYPE = YES_ERROR;
				GCC_WARN_UNDECLARED_SELECTOR = YES;
				GCC_WARN_UNINITIALIZED_AUTOS = YES_AGGRESSIVE;
				GCC_WARN_UNUSED_FUNCTION = YES;
				GCC_WARN_UNUSED_VARIABLE = YES;
				IPHONEOS_DEPLOYMENT_TARGET = 14.0;
				MTL_ENABLE_DEBUG_INFO = INCLUDE_SOURCE;
				MTL_FAST_MATH = YES;
				ONLY_ACTIVE_ARCH = YES;
				SDKROOT = iphoneos;
				SWIFT_ACTIVE_COMPILATION_CONDITIONS = DEBUG;
				SWIFT_OPTIMIZATION_LEVEL = "-Onone";
			};
			name = Debug;
		};
		1CBA5F7F27121629004295B3 /* Release */ = {
			isa = XCBuildConfiguration;
			buildSettings = {
				ALWAYS_SEARCH_USER_PATHS = NO;
				CLANG_ANALYZER_NONNULL = YES;
				CLANG_ANALYZER_NUMBER_OBJECT_CONVERSION = YES_AGGRESSIVE;
				CLANG_CXX_LANGUAGE_STANDARD = "gnu++14";
				CLANG_CXX_LIBRARY = "libc++";
				CLANG_ENABLE_MODULES = YES;
				CLANG_ENABLE_OBJC_ARC = YES;
				CLANG_ENABLE_OBJC_WEAK = YES;
				CLANG_WARN_BLOCK_CAPTURE_AUTORELEASING = YES;
				CLANG_WARN_BOOL_CONVERSION = YES;
				CLANG_WARN_COMMA = YES;
				CLANG_WARN_CONSTANT_CONVERSION = YES;
				CLANG_WARN_DEPRECATED_OBJC_IMPLEMENTATIONS = YES;
				CLANG_WARN_DIRECT_OBJC_ISA_USAGE = YES_ERROR;
				CLANG_WARN_DOCUMENTATION_COMMENTS = YES;
				CLANG_WARN_EMPTY_BODY = YES;
				CLANG_WARN_ENUM_CONVERSION = YES;
				CLANG_WARN_INFINITE_RECURSION = YES;
				CLANG_WARN_INT_CONVERSION = YES;
				CLANG_WARN_NON_LITERAL_NULL_CONVERSION = YES;
				CLANG_WARN_OBJC_IMPLICIT_RETAIN_SELF = YES;
				CLANG_WARN_OBJC_LITERAL_CONVERSION = YES;
				CLANG_WARN_OBJC_ROOT_CLASS = YES_ERROR;
				CLANG_WARN_QUOTED_INCLUDE_IN_FRAMEWORK_HEADER = YES;
				CLANG_WARN_RANGE_LOOP_ANALYSIS = YES;
				CLANG_WARN_STRICT_PROTOTYPES = YES;
				CLANG_WARN_SUSPICIOUS_MOVE = YES;
				CLANG_WARN_UNGUARDED_AVAILABILITY = YES_AGGRESSIVE;
				CLANG_WARN_UNREACHABLE_CODE = YES;
				CLANG_WARN__DUPLICATE_METHOD_MATCH = YES;
				COPY_PHASE_STRIP = NO;
				DEBUG_INFORMATION_FORMAT = "dwarf-with-dsym";
				ENABLE_NS_ASSERTIONS = NO;
				ENABLE_STRICT_OBJC_MSGSEND = YES;
				GCC_C_LANGUAGE_STANDARD = gnu11;
				GCC_NO_COMMON_BLOCKS = YES;
				GCC_WARN_64_TO_32_BIT_CONVERSION = YES;
				GCC_WARN_ABOUT_RETURN_TYPE = YES_ERROR;
				GCC_WARN_UNDECLARED_SELECTOR = YES;
				GCC_WARN_UNINITIALIZED_AUTOS = YES_AGGRESSIVE;
				GCC_WARN_UNUSED_FUNCTION = YES;
				GCC_WARN_UNUSED_VARIABLE = YES;
				IPHONEOS_DEPLOYMENT_TARGET = 14.0;
				MTL_ENABLE_DEBUG_INFO = NO;
				MTL_FAST_MATH = YES;
				SDKROOT = iphoneos;
				SWIFT_COMPILATION_MODE = wholemodule;
				SWIFT_OPTIMIZATION_LEVEL = "-O";
				VALIDATE_PRODUCT = YES;
			};
			name = Release;
		};
		1CBA5F8127121629004295B3 /* Debug */ = {
			isa = XCBuildConfiguration;
			baseConfigurationReference = B7E74B92BBFB6A7A7E6F9D86 /* Pods-Quick QR Reader.debug.xcconfig */;
			buildSettings = {
				ASSETCATALOG_COMPILER_APPICON_NAME = AppIcon;
				ASSETCATALOG_COMPILER_GLOBAL_ACCENT_COLOR_NAME = AccentColor;
				CODE_SIGN_STYLE = Automatic;
				DEVELOPMENT_ASSET_PATHS = "\"Quick QR Reader/Preview Content\"";
				DEVELOPMENT_TEAM = X8F92F5YZ5;
				ENABLE_PREVIEWS = YES;
				INFOPLIST_FILE = "Quick QR Reader/Info.plist";
				IPHONEOS_DEPLOYMENT_TARGET = 14.0;
				LD_RUNPATH_SEARCH_PATHS = (
					"$(inherited)",
					"@executable_path/Frameworks",
				);
				MARKETING_VERSION = 1.0.0;
				PRODUCT_BUNDLE_IDENTIFIER = "YamanBoztepe.Quick-QR-Reader";
				PRODUCT_NAME = "$(TARGET_NAME)";
				SWIFT_VERSION = 5.0;
				TARGETED_DEVICE_FAMILY = "1,2";
			};
			name = Debug;
		};
		1CBA5F8227121629004295B3 /* Release */ = {
			isa = XCBuildConfiguration;
			baseConfigurationReference = 5E9D3BE1A0425305AFEC6A2E /* Pods-Quick QR Reader.release.xcconfig */;
			buildSettings = {
				ASSETCATALOG_COMPILER_APPICON_NAME = AppIcon;
				ASSETCATALOG_COMPILER_GLOBAL_ACCENT_COLOR_NAME = AccentColor;
				CODE_SIGN_STYLE = Automatic;
				DEVELOPMENT_ASSET_PATHS = "\"Quick QR Reader/Preview Content\"";
				DEVELOPMENT_TEAM = X8F92F5YZ5;
				ENABLE_PREVIEWS = YES;
				INFOPLIST_FILE = "Quick QR Reader/Info.plist";
				IPHONEOS_DEPLOYMENT_TARGET = 14.0;
				LD_RUNPATH_SEARCH_PATHS = (
					"$(inherited)",
					"@executable_path/Frameworks",
				);
				MARKETING_VERSION = 1.0.0;
				PRODUCT_BUNDLE_IDENTIFIER = "YamanBoztepe.Quick-QR-Reader";
				PRODUCT_NAME = "$(TARGET_NAME)";
				SWIFT_VERSION = 5.0;
				TARGETED_DEVICE_FAMILY = "1,2";
			};
			name = Release;
		};
		1CBA5F8427121629004295B3 /* Debug */ = {
			isa = XCBuildConfiguration;
			baseConfigurationReference = 7A3046F825371101A1403FDE /* Pods-Quick QR ReaderTests.debug.xcconfig */;
			buildSettings = {
				ALWAYS_EMBED_SWIFT_STANDARD_LIBRARIES = YES;
				BUNDLE_LOADER = "$(TEST_HOST)";
				CODE_SIGN_STYLE = Automatic;
				DEVELOPMENT_TEAM = X8F92F5YZ5;
				INFOPLIST_FILE = "Quick QR ReaderTests/Info.plist";
				IPHONEOS_DEPLOYMENT_TARGET = 14.0;
				LD_RUNPATH_SEARCH_PATHS = (
					"$(inherited)",
					"@executable_path/Frameworks",
					"@loader_path/Frameworks",
				);
				PRODUCT_BUNDLE_IDENTIFIER = "YamanBoztepe.Quick-QR-ReaderTests";
				PRODUCT_NAME = "$(TARGET_NAME)";
				SWIFT_VERSION = 5.0;
				TARGETED_DEVICE_FAMILY = "1,2";
				TEST_HOST = "$(BUILT_PRODUCTS_DIR)/Quick QR Reader.app/Quick QR Reader";
			};
			name = Debug;
		};
		1CBA5F8527121629004295B3 /* Release */ = {
			isa = XCBuildConfiguration;
			baseConfigurationReference = FEEC9E11FFEB80A753DF7901 /* Pods-Quick QR ReaderTests.release.xcconfig */;
			buildSettings = {
				ALWAYS_EMBED_SWIFT_STANDARD_LIBRARIES = YES;
				BUNDLE_LOADER = "$(TEST_HOST)";
				CODE_SIGN_STYLE = Automatic;
				DEVELOPMENT_TEAM = X8F92F5YZ5;
				INFOPLIST_FILE = "Quick QR ReaderTests/Info.plist";
				IPHONEOS_DEPLOYMENT_TARGET = 14.0;
				LD_RUNPATH_SEARCH_PATHS = (
					"$(inherited)",
					"@executable_path/Frameworks",
					"@loader_path/Frameworks",
				);
				PRODUCT_BUNDLE_IDENTIFIER = "YamanBoztepe.Quick-QR-ReaderTests";
				PRODUCT_NAME = "$(TARGET_NAME)";
				SWIFT_VERSION = 5.0;
				TARGETED_DEVICE_FAMILY = "1,2";
				TEST_HOST = "$(BUILT_PRODUCTS_DIR)/Quick QR Reader.app/Quick QR Reader";
			};
			name = Release;
		};
		1CBA5F8727121629004295B3 /* Debug */ = {
			isa = XCBuildConfiguration;
			baseConfigurationReference = B0537695E2D2B73ABCD859C0 /* Pods-Quick QR Reader-Quick QR ReaderUITests.debug.xcconfig */;
			buildSettings = {
				ALWAYS_EMBED_SWIFT_STANDARD_LIBRARIES = YES;
				CODE_SIGN_STYLE = Automatic;
				DEVELOPMENT_TEAM = X8F92F5YZ5;
				INFOPLIST_FILE = "Quick QR ReaderUITests/Info.plist";
				LD_RUNPATH_SEARCH_PATHS = (
					"$(inherited)",
					"@executable_path/Frameworks",
					"@loader_path/Frameworks",
				);
				PRODUCT_BUNDLE_IDENTIFIER = "YamanBoztepe.Quick-QR-ReaderUITests";
				PRODUCT_NAME = "$(TARGET_NAME)";
				SWIFT_VERSION = 5.0;
				TARGETED_DEVICE_FAMILY = "1,2";
				TEST_TARGET_NAME = "Quick QR Reader";
			};
			name = Debug;
		};
		1CBA5F8827121629004295B3 /* Release */ = {
			isa = XCBuildConfiguration;
			baseConfigurationReference = 0C036020571837536D45FCEE /* Pods-Quick QR Reader-Quick QR ReaderUITests.release.xcconfig */;
			buildSettings = {
				ALWAYS_EMBED_SWIFT_STANDARD_LIBRARIES = YES;
				CODE_SIGN_STYLE = Automatic;
				DEVELOPMENT_TEAM = X8F92F5YZ5;
				INFOPLIST_FILE = "Quick QR ReaderUITests/Info.plist";
				LD_RUNPATH_SEARCH_PATHS = (
					"$(inherited)",
					"@executable_path/Frameworks",
					"@loader_path/Frameworks",
				);
				PRODUCT_BUNDLE_IDENTIFIER = "YamanBoztepe.Quick-QR-ReaderUITests";
				PRODUCT_NAME = "$(TARGET_NAME)";
				SWIFT_VERSION = 5.0;
				TARGETED_DEVICE_FAMILY = "1,2";
				TEST_TARGET_NAME = "Quick QR Reader";
			};
			name = Release;
		};
/* End XCBuildConfiguration section */

/* Begin XCConfigurationList section */
		1CBA5F5627121627004295B3 /* Build configuration list for PBXProject "Quick QR Reader" */ = {
			isa = XCConfigurationList;
			buildConfigurations = (
				1CBA5F7E27121629004295B3 /* Debug */,
				1CBA5F7F27121629004295B3 /* Release */,
			);
			defaultConfigurationIsVisible = 0;
			defaultConfigurationName = Release;
		};
		1CBA5F8027121629004295B3 /* Build configuration list for PBXNativeTarget "Quick QR Reader" */ = {
			isa = XCConfigurationList;
			buildConfigurations = (
				1CBA5F8127121629004295B3 /* Debug */,
				1CBA5F8227121629004295B3 /* Release */,
			);
			defaultConfigurationIsVisible = 0;
			defaultConfigurationName = Release;
		};
		1CBA5F8327121629004295B3 /* Build configuration list for PBXNativeTarget "Quick QR ReaderTests" */ = {
			isa = XCConfigurationList;
			buildConfigurations = (
				1CBA5F8427121629004295B3 /* Debug */,
				1CBA5F8527121629004295B3 /* Release */,
			);
			defaultConfigurationIsVisible = 0;
			defaultConfigurationName = Release;
		};
		1CBA5F8627121629004295B3 /* Build configuration list for PBXNativeTarget "Quick QR ReaderUITests" */ = {
			isa = XCConfigurationList;
			buildConfigurations = (
				1CBA5F8727121629004295B3 /* Debug */,
				1CBA5F8827121629004295B3 /* Release */,
			);
			defaultConfigurationIsVisible = 0;
			defaultConfigurationName = Release;
		};
/* End XCConfigurationList section */
	};
	rootObject = 1CBA5F5327121627004295B3 /* Project object */;
}
